// !$*UTF8*$!
{
	archiveVersion = 1;
	classes = {
	};
	objectVersion = 55;
	objects = {

/* Begin PBXBuildFile section */
		590D82A229DE8A4E00D44D66 /* FavouriteViewCell.swift in Sources */ = {isa = PBXBuildFile; fileRef = 590D82A129DE8A4E00D44D66 /* FavouriteViewCell.swift */; };
		592DE61D29D6BBF800D4B579 /* AppTabBarView.swift in Sources */ = {isa = PBXBuildFile; fileRef = 592DE61C29D6BBF800D4B579 /* AppTabBarView.swift */; };
		592DE61F29D6DC1900D4B579 /* AppTabBarContainerView.swift in Sources */ = {isa = PBXBuildFile; fileRef = 592DE61E29D6DC1800D4B579 /* AppTabBarContainerView.swift */; };
		592DE62129D6DF9E00D4B579 /* TabBarItemPreferenceKey.swift in Sources */ = {isa = PBXBuildFile; fileRef = 592DE62029D6DF9E00D4B579 /* TabBarItemPreferenceKey.swift */; };
		592DE62329D6E4ED00D4B579 /* TabBarItem.swift in Sources */ = {isa = PBXBuildFile; fileRef = 592DE62229D6E4ED00D4B579 /* TabBarItem.swift */; };
		592DE62A29D80A4200D4B579 /* MyFavouriteMoviesView.swift in Sources */ = {isa = PBXBuildFile; fileRef = 592DE62929D80A4200D4B579 /* MyFavouriteMoviesView.swift */; };
		592DE62D29D80AF100D4B579 /* TabBarViewModel.swift in Sources */ = {isa = PBXBuildFile; fileRef = 592DE62C29D80AF100D4B579 /* TabBarViewModel.swift */; };
		592DE63129D80B5300D4B579 /* UserProfileDataService.swift in Sources */ = {isa = PBXBuildFile; fileRef = 592DE63029D80B5300D4B579 /* UserProfileDataService.swift */; };
		592DE63329D80C0500D4B579 /* UserProfile.swift in Sources */ = {isa = PBXBuildFile; fileRef = 592DE63229D80C0500D4B579 /* UserProfile.swift */; };
		592DE63629D80CB400D4B579 /* UserDetails.swift in Sources */ = {isa = PBXBuildFile; fileRef = 592DE63529D80CB400D4B579 /* UserDetails.swift */; };
		592DE63829D81F6500D4B579 /* UserProfileViewModel.swift in Sources */ = {isa = PBXBuildFile; fileRef = 592DE63729D81F6500D4B579 /* UserProfileViewModel.swift */; };
		592DE63B29D94CA000D4B579 /* AppErrorView.swift in Sources */ = {isa = PBXBuildFile; fileRef = 592DE63A29D94CA000D4B579 /* AppErrorView.swift */; };
		592DE63F29D9627F00D4B579 /* MyFavouriteMovieViewModel.swift in Sources */ = {isa = PBXBuildFile; fileRef = 592DE63E29D9627F00D4B579 /* MyFavouriteMovieViewModel.swift */; };
		592DE64229D962AA00D4B579 /* MyFavouriteMoviesDataService.swift in Sources */ = {isa = PBXBuildFile; fileRef = 592DE64129D962AA00D4B579 /* MyFavouriteMoviesDataService.swift */; };
		592DE64529D96FE900D4B579 /* VIewWillDisappear.swift in Sources */ = {isa = PBXBuildFile; fileRef = 592DE64429D96FE900D4B579 /* VIewWillDisappear.swift */; };
		592DE64729DAD6C500D4B579 /* SimilarMovieSelectionPreferenceKey.swift in Sources */ = {isa = PBXBuildFile; fileRef = 592DE64629DAD6C500D4B579 /* SimilarMovieSelectionPreferenceKey.swift */; };
		593D6E2B28D4D61F00C3A46B /* MovieDBApp.swift in Sources */ = {isa = PBXBuildFile; fileRef = 593D6E2A28D4D61F00C3A46B /* MovieDBApp.swift */; };
		593D6E2F28D4D62000C3A46B /* Assets.xcassets in Resources */ = {isa = PBXBuildFile; fileRef = 593D6E2E28D4D62000C3A46B /* Assets.xcassets */; };
		593D6E3228D4D62000C3A46B /* Preview Assets.xcassets in Resources */ = {isa = PBXBuildFile; fileRef = 593D6E3128D4D62000C3A46B /* Preview Assets.xcassets */; };
		593D6E3C28D4D62000C3A46B /* MovieDBTests.swift in Sources */ = {isa = PBXBuildFile; fileRef = 593D6E3B28D4D62000C3A46B /* MovieDBTests.swift */; };
		593D6E4628D4D62000C3A46B /* MovieDBUITests.swift in Sources */ = {isa = PBXBuildFile; fileRef = 593D6E4528D4D62000C3A46B /* MovieDBUITests.swift */; };
		593D6E4828D4D62000C3A46B /* MovieDBUITestsLaunchTests.swift in Sources */ = {isa = PBXBuildFile; fileRef = 593D6E4728D4D62000C3A46B /* MovieDBUITestsLaunchTests.swift */; };
		593D6E5828D70CF900C3A46B /* KeyboardAdaptive.swift in Sources */ = {isa = PBXBuildFile; fileRef = 593D6E5528D70CF900C3A46B /* KeyboardAdaptive.swift */; };
		593D6E5928D70CF900C3A46B /* KeyboardHeightPublisher.swift in Sources */ = {isa = PBXBuildFile; fileRef = 593D6E5628D70CF900C3A46B /* KeyboardHeightPublisher.swift */; };
		593D6E5A28D70CF900C3A46B /* UIResponder+Current.swift in Sources */ = {isa = PBXBuildFile; fileRef = 593D6E5728D70CF900C3A46B /* UIResponder+Current.swift */; };
		594C55FF29D2E5AA005FD017 /* MovieListDataService.swift in Sources */ = {isa = PBXBuildFile; fileRef = 594C55FE29D2E5AA005FD017 /* MovieListDataService.swift */; };
		594C560129D2E867005FD017 /* MovieListCellDataService.swift in Sources */ = {isa = PBXBuildFile; fileRef = 594C560029D2E867005FD017 /* MovieListCellDataService.swift */; };
		594C560429D2EAD3005FD017 /* MovieDetailDataService.swift in Sources */ = {isa = PBXBuildFile; fileRef = 594C560329D2EAD3005FD017 /* MovieDetailDataService.swift */; };
		594C560629D312D1005FD017 /* LoginFormView.swift in Sources */ = {isa = PBXBuildFile; fileRef = 594C560529D312D1005FD017 /* LoginFormView.swift */; };
		594C560929D3154C005FD017 /* Orientation.swift in Sources */ = {isa = PBXBuildFile; fileRef = 594C560829D3154C005FD017 /* Orientation.swift */; };
		594C560B29D43B6D005FD017 /* Cast.swift in Sources */ = {isa = PBXBuildFile; fileRef = 594C560A29D43B6D005FD017 /* Cast.swift */; };
		594C560F29D43D1A005FD017 /* CastMovieCellView.swift in Sources */ = {isa = PBXBuildFile; fileRef = 594C560E29D43D1A005FD017 /* CastMovieCellView.swift */; };
		594C561129D43D31005FD017 /* CastMovieCellViewModel.swift in Sources */ = {isa = PBXBuildFile; fileRef = 594C561029D43D31005FD017 /* CastMovieCellViewModel.swift */; };
		594C561329D5555E005FD017 /* SimilarMovieCellDataService.swift in Sources */ = {isa = PBXBuildFile; fileRef = 594C561229D5555E005FD017 /* SimilarMovieCellDataService.swift */; };
		594C561529D557E4005FD017 /* CastMovieCellDataService.swift in Sources */ = {isa = PBXBuildFile; fileRef = 594C561429D557E4005FD017 /* CastMovieCellDataService.swift */; };
		594C561929D592B5005FD017 /* TabBarView.swift in Sources */ = {isa = PBXBuildFile; fileRef = 594C561829D592B5005FD017 /* TabBarView.swift */; };
		594C561C29D5B5FB005FD017 /* ProfileView.swift in Sources */ = {isa = PBXBuildFile; fileRef = 594C561B29D5B5FB005FD017 /* ProfileView.swift */; };
		595E0A6129C04CAF00B92089 /* MovieListView.swift in Sources */ = {isa = PBXBuildFile; fileRef = 595E0A6029C04CAF00B92089 /* MovieListView.swift */; };
		595E0A6329C04D4C00B92089 /* MovieListViewModel.swift in Sources */ = {isa = PBXBuildFile; fileRef = 595E0A6229C04D4C00B92089 /* MovieListViewModel.swift */; };
		595E0A6729C0606800B92089 /* APIRequestProtocol.swift in Sources */ = {isa = PBXBuildFile; fileRef = 595E0A6629C0606800B92089 /* APIRequestProtocol.swift */; };
		595E0A6D29C0609200B92089 /* XWWWFormUrlParameterEncoder.swift in Sources */ = {isa = PBXBuildFile; fileRef = 595E0A6929C0609200B92089 /* XWWWFormUrlParameterEncoder.swift */; };
		595E0A6E29C0609200B92089 /* ParameterEncoderProtocol.swift in Sources */ = {isa = PBXBuildFile; fileRef = 595E0A6A29C0609200B92089 /* ParameterEncoderProtocol.swift */; };
		595E0A6F29C0609200B92089 /* URLParameterEncoder.swift in Sources */ = {isa = PBXBuildFile; fileRef = 595E0A6B29C0609200B92089 /* URLParameterEncoder.swift */; };
		595E0A7029C0609200B92089 /* JSONParameterEncoder.swift in Sources */ = {isa = PBXBuildFile; fileRef = 595E0A6C29C0609200B92089 /* JSONParameterEncoder.swift */; };
		595E0A7629C060C800B92089 /* ParameterEncodingError.swift in Sources */ = {isa = PBXBuildFile; fileRef = 595E0A7229C060C800B92089 /* ParameterEncodingError.swift */; };
		595E0A7729C060C800B92089 /* APIRequestError.swift in Sources */ = {isa = PBXBuildFile; fileRef = 595E0A7329C060C800B92089 /* APIRequestError.swift */; };
		595E0A7829C060C800B92089 /* APIResponseError.swift in Sources */ = {isa = PBXBuildFile; fileRef = 595E0A7429C060C800B92089 /* APIResponseError.swift */; };
		595E0A7929C060C800B92089 /* ErrorDataProtocol.swift in Sources */ = {isa = PBXBuildFile; fileRef = 595E0A7529C060C800B92089 /* ErrorDataProtocol.swift */; };
		595E0A7B29C060E000B92089 /* URLConfig.swift in Sources */ = {isa = PBXBuildFile; fileRef = 595E0A7A29C060E000B92089 /* URLConfig.swift */; };
		595E0A8029C0611900B92089 /* APINetworkLogger.swift in Sources */ = {isa = PBXBuildFile; fileRef = 595E0A7D29C0611900B92089 /* APINetworkLogger.swift */; };
		595E0A8129C0611900B92089 /* HTTPTask.swift in Sources */ = {isa = PBXBuildFile; fileRef = 595E0A7E29C0611900B92089 /* HTTPTask.swift */; };
		595E0A8229C0611900B92089 /* HTTPMethod.swift in Sources */ = {isa = PBXBuildFile; fileRef = 595E0A7F29C0611900B92089 /* HTTPMethod.swift */; };
		595E0A8429C061BB00B92089 /* RequestBuilder.swift in Sources */ = {isa = PBXBuildFile; fileRef = 595E0A8329C061BB00B92089 /* RequestBuilder.swift */; };
		595E0A8629C062C500B92089 /* APIRouter.swift in Sources */ = {isa = PBXBuildFile; fileRef = 595E0A8529C062C500B92089 /* APIRouter.swift */; };
		595E0A8829C062DB00B92089 /* NetworkRouterProtocol.swift in Sources */ = {isa = PBXBuildFile; fileRef = 595E0A8729C062DB00B92089 /* NetworkRouterProtocol.swift */; };
		595E0A8A29C1A99200B92089 /* MovieDBOnboardingRequest.swift in Sources */ = {isa = PBXBuildFile; fileRef = 595E0A8929C1A99200B92089 /* MovieDBOnboardingRequest.swift */; };
		595E0A8D29C1BE1800B92089 /* RequestToken.swift in Sources */ = {isa = PBXBuildFile; fileRef = 595E0A8C29C1BE1800B92089 /* RequestToken.swift */; };
		5994306929C2F9EF00B266B8 /* CreateRequestTokenAPIResponse.swift in Sources */ = {isa = PBXBuildFile; fileRef = 5994306829C2F9EF00B266B8 /* CreateRequestTokenAPIResponse.swift */; };
		5994306D29C2FA4600B266B8 /* APIResponse.swift in Sources */ = {isa = PBXBuildFile; fileRef = 5994306A29C2FA4600B266B8 /* APIResponse.swift */; };
		5994306E29C2FA4600B266B8 /* APIResponseProtocol.swift in Sources */ = {isa = PBXBuildFile; fileRef = 5994306B29C2FA4600B266B8 /* APIResponseProtocol.swift */; };
		5994306F29C2FA4600B266B8 /* APISerializerProtocol.swift in Sources */ = {isa = PBXBuildFile; fileRef = 5994306C29C2FA4600B266B8 /* APISerializerProtocol.swift */; };
		5994307129C46DEC00B266B8 /* MoviesAPIRequest.swift in Sources */ = {isa = PBXBuildFile; fileRef = 5994307029C46DEC00B266B8 /* MoviesAPIRequest.swift */; };
		5994307329C46EE900B266B8 /* MovieListCell.swift in Sources */ = {isa = PBXBuildFile; fileRef = 5994307229C46EE900B266B8 /* MovieListCell.swift */; };
		5994307529C58BD800B266B8 /* MovieResultData.swift in Sources */ = {isa = PBXBuildFile; fileRef = 5994307429C58BD800B266B8 /* MovieResultData.swift */; };
		5994307929C5BBCA00B266B8 /* Poppins-Regular.ttf in Resources */ = {isa = PBXBuildFile; fileRef = 5994307729C5BBCA00B266B8 /* Poppins-Regular.ttf */; };
		5994307A29C5BBCA00B266B8 /* Poppins-SemiBold.ttf in Resources */ = {isa = PBXBuildFile; fileRef = 5994307829C5BBCA00B266B8 /* Poppins-SemiBold.ttf */; };
		5994307C29C5BBE000B266B8 /* Font.swift in Sources */ = {isa = PBXBuildFile; fileRef = 5994307B29C5BBE000B266B8 /* Font.swift */; };
		5994307F29C5BE8400B266B8 /* UIColor.swift in Sources */ = {isa = PBXBuildFile; fileRef = 5994307E29C5BE8400B266B8 /* UIColor.swift */; };
		5994308129C6128400B266B8 /* MovieListCellViewModel.swift in Sources */ = {isa = PBXBuildFile; fileRef = 5994308029C6128400B266B8 /* MovieListCellViewModel.swift */; };
		5994308929C6148900B266B8 /* MovieDetailViewModel.swift in Sources */ = {isa = PBXBuildFile; fileRef = 5994308829C6148900B266B8 /* MovieDetailViewModel.swift */; };
		5994308B29C614A600B266B8 /* MovieDetailView.swift in Sources */ = {isa = PBXBuildFile; fileRef = 5994308A29C614A600B266B8 /* MovieDetailView.swift */; };
		5994308D29C61EE200B266B8 /* MovieDetailBottomView.swift in Sources */ = {isa = PBXBuildFile; fileRef = 5994308C29C61EE200B266B8 /* MovieDetailBottomView.swift */; };
		5994308F29C7156500B266B8 /* SimilarMovieCellView.swift in Sources */ = {isa = PBXBuildFile; fileRef = 5994308E29C7156500B266B8 /* SimilarMovieCellView.swift */; };
		5994309129C715BC00B266B8 /* SimilarMovieCellViewModel.swift in Sources */ = {isa = PBXBuildFile; fileRef = 5994309029C715BC00B266B8 /* SimilarMovieCellViewModel.swift */; };
		5994309329C97BFB00B266B8 /* LoginResult.swift in Sources */ = {isa = PBXBuildFile; fileRef = 5994309229C97BFA00B266B8 /* LoginResult.swift */; };
		5994309529C97C2E00B266B8 /* UserSession.swift in Sources */ = {isa = PBXBuildFile; fileRef = 5994309429C97C2E00B266B8 /* UserSession.swift */; };
		5994309729C986F900B266B8 /* LoginError.swift in Sources */ = {isa = PBXBuildFile; fileRef = 5994309629C986F900B266B8 /* LoginError.swift */; };
		5994309A29C9AEF000B266B8 /* CustomLoadingIndicator.swift in Sources */ = {isa = PBXBuildFile; fileRef = 5994309929C9AEF000B266B8 /* CustomLoadingIndicator.swift */; };
		5994309D29C9CE9700B266B8 /* LoginDataService.swift in Sources */ = {isa = PBXBuildFile; fileRef = 5994309C29C9CE9700B266B8 /* LoginDataService.swift */; };
		599D2D1829B0B846005536A0 /* LoginViewModel.swift in Sources */ = {isa = PBXBuildFile; fileRef = 599D2D1729B0B846005536A0 /* LoginViewModel.swift */; };
		599D2D1C29B0B874005536A0 /* LoginView.swift in Sources */ = {isa = PBXBuildFile; fileRef = 599D2D1B29B0B874005536A0 /* LoginView.swift */; };
		59DADDD729DC459500212DAA /* Shimmer.swift in Sources */ = {isa = PBXBuildFile; fileRef = 59DADDD629DC459500212DAA /* Shimmer.swift */; };
/* End PBXBuildFile section */

/* Begin PBXContainerItemProxy section */
		593D6E3828D4D62000C3A46B /* PBXContainerItemProxy */ = {
			isa = PBXContainerItemProxy;
			containerPortal = 593D6E1F28D4D61F00C3A46B /* Project object */;
			proxyType = 1;
			remoteGlobalIDString = 593D6E2628D4D61F00C3A46B;
			remoteInfo = MovieDB;
		};
		593D6E4228D4D62000C3A46B /* PBXContainerItemProxy */ = {
			isa = PBXContainerItemProxy;
			containerPortal = 593D6E1F28D4D61F00C3A46B /* Project object */;
			proxyType = 1;
			remoteGlobalIDString = 593D6E2628D4D61F00C3A46B;
			remoteInfo = MovieDB;
		};
/* End PBXContainerItemProxy section */

/* Begin PBXFileReference section */
		590D82A129DE8A4E00D44D66 /* FavouriteViewCell.swift */ = {isa = PBXFileReference; lastKnownFileType = sourcecode.swift; path = FavouriteViewCell.swift; sourceTree = "<group>"; };
		592DE61C29D6BBF800D4B579 /* AppTabBarView.swift */ = {isa = PBXFileReference; lastKnownFileType = sourcecode.swift; path = AppTabBarView.swift; sourceTree = "<group>"; };
		592DE61E29D6DC1800D4B579 /* AppTabBarContainerView.swift */ = {isa = PBXFileReference; lastKnownFileType = sourcecode.swift; path = AppTabBarContainerView.swift; sourceTree = "<group>"; };
		592DE62029D6DF9E00D4B579 /* TabBarItemPreferenceKey.swift */ = {isa = PBXFileReference; lastKnownFileType = sourcecode.swift; path = TabBarItemPreferenceKey.swift; sourceTree = "<group>"; };
		592DE62229D6E4ED00D4B579 /* TabBarItem.swift */ = {isa = PBXFileReference; lastKnownFileType = sourcecode.swift; path = TabBarItem.swift; sourceTree = "<group>"; };
		592DE62929D80A4200D4B579 /* MyFavouriteMoviesView.swift */ = {isa = PBXFileReference; lastKnownFileType = sourcecode.swift; path = MyFavouriteMoviesView.swift; sourceTree = "<group>"; };
		592DE62C29D80AF100D4B579 /* TabBarViewModel.swift */ = {isa = PBXFileReference; lastKnownFileType = sourcecode.swift; path = TabBarViewModel.swift; sourceTree = "<group>"; };
		592DE63029D80B5300D4B579 /* UserProfileDataService.swift */ = {isa = PBXFileReference; lastKnownFileType = sourcecode.swift; path = UserProfileDataService.swift; sourceTree = "<group>"; };
		592DE63229D80C0500D4B579 /* UserProfile.swift */ = {isa = PBXFileReference; lastKnownFileType = sourcecode.swift; path = UserProfile.swift; sourceTree = "<group>"; };
		592DE63529D80CB400D4B579 /* UserDetails.swift */ = {isa = PBXFileReference; lastKnownFileType = sourcecode.swift; path = UserDetails.swift; sourceTree = "<group>"; };
		592DE63729D81F6500D4B579 /* UserProfileViewModel.swift */ = {isa = PBXFileReference; lastKnownFileType = sourcecode.swift; path = UserProfileViewModel.swift; sourceTree = "<group>"; };
		592DE63A29D94CA000D4B579 /* AppErrorView.swift */ = {isa = PBXFileReference; lastKnownFileType = sourcecode.swift; path = AppErrorView.swift; sourceTree = "<group>"; };
		592DE63E29D9627F00D4B579 /* MyFavouriteMovieViewModel.swift */ = {isa = PBXFileReference; lastKnownFileType = sourcecode.swift; path = MyFavouriteMovieViewModel.swift; sourceTree = "<group>"; };
		592DE64129D962AA00D4B579 /* MyFavouriteMoviesDataService.swift */ = {isa = PBXFileReference; lastKnownFileType = sourcecode.swift; path = MyFavouriteMoviesDataService.swift; sourceTree = "<group>"; };
		592DE64429D96FE900D4B579 /* VIewWillDisappear.swift */ = {isa = PBXFileReference; lastKnownFileType = sourcecode.swift; path = VIewWillDisappear.swift; sourceTree = "<group>"; };
		592DE64629DAD6C500D4B579 /* SimilarMovieSelectionPreferenceKey.swift */ = {isa = PBXFileReference; lastKnownFileType = sourcecode.swift; path = SimilarMovieSelectionPreferenceKey.swift; sourceTree = "<group>"; };
		593D6E2728D4D61F00C3A46B /* MovieDB.app */ = {isa = PBXFileReference; explicitFileType = wrapper.application; includeInIndex = 0; path = MovieDB.app; sourceTree = BUILT_PRODUCTS_DIR; };
		593D6E2A28D4D61F00C3A46B /* MovieDBApp.swift */ = {isa = PBXFileReference; lastKnownFileType = sourcecode.swift; path = MovieDBApp.swift; sourceTree = "<group>"; };
		593D6E2E28D4D62000C3A46B /* Assets.xcassets */ = {isa = PBXFileReference; lastKnownFileType = folder.assetcatalog; path = Assets.xcassets; sourceTree = "<group>"; };
		593D6E3128D4D62000C3A46B /* Preview Assets.xcassets */ = {isa = PBXFileReference; lastKnownFileType = folder.assetcatalog; path = "Preview Assets.xcassets"; sourceTree = "<group>"; };
		593D6E3728D4D62000C3A46B /* MovieDBTests.xctest */ = {isa = PBXFileReference; explicitFileType = wrapper.cfbundle; includeInIndex = 0; path = MovieDBTests.xctest; sourceTree = BUILT_PRODUCTS_DIR; };
		593D6E3B28D4D62000C3A46B /* MovieDBTests.swift */ = {isa = PBXFileReference; lastKnownFileType = sourcecode.swift; path = MovieDBTests.swift; sourceTree = "<group>"; };
		593D6E4128D4D62000C3A46B /* MovieDBUITests.xctest */ = {isa = PBXFileReference; explicitFileType = wrapper.cfbundle; includeInIndex = 0; path = MovieDBUITests.xctest; sourceTree = BUILT_PRODUCTS_DIR; };
		593D6E4528D4D62000C3A46B /* MovieDBUITests.swift */ = {isa = PBXFileReference; lastKnownFileType = sourcecode.swift; path = MovieDBUITests.swift; sourceTree = "<group>"; };
		593D6E4728D4D62000C3A46B /* MovieDBUITestsLaunchTests.swift */ = {isa = PBXFileReference; lastKnownFileType = sourcecode.swift; path = MovieDBUITestsLaunchTests.swift; sourceTree = "<group>"; };
		593D6E5528D70CF900C3A46B /* KeyboardAdaptive.swift */ = {isa = PBXFileReference; fileEncoding = 4; lastKnownFileType = sourcecode.swift; path = KeyboardAdaptive.swift; sourceTree = "<group>"; };
		593D6E5628D70CF900C3A46B /* KeyboardHeightPublisher.swift */ = {isa = PBXFileReference; fileEncoding = 4; lastKnownFileType = sourcecode.swift; path = KeyboardHeightPublisher.swift; sourceTree = "<group>"; };
		593D6E5728D70CF900C3A46B /* UIResponder+Current.swift */ = {isa = PBXFileReference; fileEncoding = 4; lastKnownFileType = sourcecode.swift; path = "UIResponder+Current.swift"; sourceTree = "<group>"; };
		594C55FE29D2E5AA005FD017 /* MovieListDataService.swift */ = {isa = PBXFileReference; lastKnownFileType = sourcecode.swift; path = MovieListDataService.swift; sourceTree = "<group>"; };
		594C560029D2E867005FD017 /* MovieListCellDataService.swift */ = {isa = PBXFileReference; lastKnownFileType = sourcecode.swift; path = MovieListCellDataService.swift; sourceTree = "<group>"; };
		594C560329D2EAD3005FD017 /* MovieDetailDataService.swift */ = {isa = PBXFileReference; lastKnownFileType = sourcecode.swift; path = MovieDetailDataService.swift; sourceTree = "<group>"; };
		594C560529D312D1005FD017 /* LoginFormView.swift */ = {isa = PBXFileReference; lastKnownFileType = sourcecode.swift; path = LoginFormView.swift; sourceTree = "<group>"; };
		594C560829D3154C005FD017 /* Orientation.swift */ = {isa = PBXFileReference; lastKnownFileType = sourcecode.swift; path = Orientation.swift; sourceTree = "<group>"; };
		594C560A29D43B6D005FD017 /* Cast.swift */ = {isa = PBXFileReference; lastKnownFileType = sourcecode.swift; path = Cast.swift; sourceTree = "<group>"; };
		594C560E29D43D1A005FD017 /* CastMovieCellView.swift */ = {isa = PBXFileReference; lastKnownFileType = sourcecode.swift; path = CastMovieCellView.swift; sourceTree = "<group>"; };
		594C561029D43D31005FD017 /* CastMovieCellViewModel.swift */ = {isa = PBXFileReference; lastKnownFileType = sourcecode.swift; path = CastMovieCellViewModel.swift; sourceTree = "<group>"; };
		594C561229D5555E005FD017 /* SimilarMovieCellDataService.swift */ = {isa = PBXFileReference; lastKnownFileType = sourcecode.swift; path = SimilarMovieCellDataService.swift; sourceTree = "<group>"; };
		594C561429D557E4005FD017 /* CastMovieCellDataService.swift */ = {isa = PBXFileReference; lastKnownFileType = sourcecode.swift; path = CastMovieCellDataService.swift; sourceTree = "<group>"; };
		594C561829D592B5005FD017 /* TabBarView.swift */ = {isa = PBXFileReference; lastKnownFileType = sourcecode.swift; path = TabBarView.swift; sourceTree = "<group>"; };
		594C561B29D5B5FB005FD017 /* ProfileView.swift */ = {isa = PBXFileReference; lastKnownFileType = sourcecode.swift; path = ProfileView.swift; sourceTree = "<group>"; };
		595E0A6029C04CAF00B92089 /* MovieListView.swift */ = {isa = PBXFileReference; lastKnownFileType = sourcecode.swift; path = MovieListView.swift; sourceTree = "<group>"; };
		595E0A6229C04D4C00B92089 /* MovieListViewModel.swift */ = {isa = PBXFileReference; lastKnownFileType = sourcecode.swift; path = MovieListViewModel.swift; sourceTree = "<group>"; };
		595E0A6629C0606800B92089 /* APIRequestProtocol.swift */ = {isa = PBXFileReference; lastKnownFileType = sourcecode.swift; path = APIRequestProtocol.swift; sourceTree = "<group>"; };
		595E0A6929C0609200B92089 /* XWWWFormUrlParameterEncoder.swift */ = {isa = PBXFileReference; fileEncoding = 4; lastKnownFileType = sourcecode.swift; path = XWWWFormUrlParameterEncoder.swift; sourceTree = "<group>"; };
		595E0A6A29C0609200B92089 /* ParameterEncoderProtocol.swift */ = {isa = PBXFileReference; fileEncoding = 4; lastKnownFileType = sourcecode.swift; path = ParameterEncoderProtocol.swift; sourceTree = "<group>"; };
		595E0A6B29C0609200B92089 /* URLParameterEncoder.swift */ = {isa = PBXFileReference; fileEncoding = 4; lastKnownFileType = sourcecode.swift; path = URLParameterEncoder.swift; sourceTree = "<group>"; };
		595E0A6C29C0609200B92089 /* JSONParameterEncoder.swift */ = {isa = PBXFileReference; fileEncoding = 4; lastKnownFileType = sourcecode.swift; path = JSONParameterEncoder.swift; sourceTree = "<group>"; };
		595E0A7229C060C800B92089 /* ParameterEncodingError.swift */ = {isa = PBXFileReference; fileEncoding = 4; lastKnownFileType = sourcecode.swift; path = ParameterEncodingError.swift; sourceTree = "<group>"; };
		595E0A7329C060C800B92089 /* APIRequestError.swift */ = {isa = PBXFileReference; fileEncoding = 4; lastKnownFileType = sourcecode.swift; path = APIRequestError.swift; sourceTree = "<group>"; };
		595E0A7429C060C800B92089 /* APIResponseError.swift */ = {isa = PBXFileReference; fileEncoding = 4; lastKnownFileType = sourcecode.swift; path = APIResponseError.swift; sourceTree = "<group>"; };
		595E0A7529C060C800B92089 /* ErrorDataProtocol.swift */ = {isa = PBXFileReference; fileEncoding = 4; lastKnownFileType = sourcecode.swift; path = ErrorDataProtocol.swift; sourceTree = "<group>"; };
		595E0A7A29C060E000B92089 /* URLConfig.swift */ = {isa = PBXFileReference; fileEncoding = 4; lastKnownFileType = sourcecode.swift; path = URLConfig.swift; sourceTree = "<group>"; };
		595E0A7D29C0611900B92089 /* APINetworkLogger.swift */ = {isa = PBXFileReference; fileEncoding = 4; lastKnownFileType = sourcecode.swift; path = APINetworkLogger.swift; sourceTree = "<group>"; };
		595E0A7E29C0611900B92089 /* HTTPTask.swift */ = {isa = PBXFileReference; fileEncoding = 4; lastKnownFileType = sourcecode.swift; path = HTTPTask.swift; sourceTree = "<group>"; };
		595E0A7F29C0611900B92089 /* HTTPMethod.swift */ = {isa = PBXFileReference; fileEncoding = 4; lastKnownFileType = sourcecode.swift; path = HTTPMethod.swift; sourceTree = "<group>"; };
		595E0A8329C061BB00B92089 /* RequestBuilder.swift */ = {isa = PBXFileReference; fileEncoding = 4; lastKnownFileType = sourcecode.swift; path = RequestBuilder.swift; sourceTree = "<group>"; };
		595E0A8529C062C500B92089 /* APIRouter.swift */ = {isa = PBXFileReference; fileEncoding = 4; lastKnownFileType = sourcecode.swift; path = APIRouter.swift; sourceTree = "<group>"; };
		595E0A8729C062DB00B92089 /* NetworkRouterProtocol.swift */ = {isa = PBXFileReference; fileEncoding = 4; lastKnownFileType = sourcecode.swift; path = NetworkRouterProtocol.swift; sourceTree = "<group>"; };
		595E0A8929C1A99200B92089 /* MovieDBOnboardingRequest.swift */ = {isa = PBXFileReference; lastKnownFileType = sourcecode.swift; path = MovieDBOnboardingRequest.swift; sourceTree = "<group>"; };
		595E0A8B29C1BDB400B92089 /* Info.plist */ = {isa = PBXFileReference; lastKnownFileType = text.plist; path = Info.plist; sourceTree = "<group>"; };
		595E0A8C29C1BE1800B92089 /* RequestToken.swift */ = {isa = PBXFileReference; lastKnownFileType = sourcecode.swift; path = RequestToken.swift; sourceTree = "<group>"; };
		5994306829C2F9EF00B266B8 /* CreateRequestTokenAPIResponse.swift */ = {isa = PBXFileReference; lastKnownFileType = sourcecode.swift; path = CreateRequestTokenAPIResponse.swift; sourceTree = "<group>"; };
		5994306A29C2FA4600B266B8 /* APIResponse.swift */ = {isa = PBXFileReference; fileEncoding = 4; lastKnownFileType = sourcecode.swift; path = APIResponse.swift; sourceTree = "<group>"; };
		5994306B29C2FA4600B266B8 /* APIResponseProtocol.swift */ = {isa = PBXFileReference; fileEncoding = 4; lastKnownFileType = sourcecode.swift; path = APIResponseProtocol.swift; sourceTree = "<group>"; };
		5994306C29C2FA4600B266B8 /* APISerializerProtocol.swift */ = {isa = PBXFileReference; fileEncoding = 4; lastKnownFileType = sourcecode.swift; path = APISerializerProtocol.swift; sourceTree = "<group>"; };
		5994307029C46DEC00B266B8 /* MoviesAPIRequest.swift */ = {isa = PBXFileReference; lastKnownFileType = sourcecode.swift; path = MoviesAPIRequest.swift; sourceTree = "<group>"; };
		5994307229C46EE900B266B8 /* MovieListCell.swift */ = {isa = PBXFileReference; lastKnownFileType = sourcecode.swift; path = MovieListCell.swift; sourceTree = "<group>"; };
		5994307429C58BD800B266B8 /* MovieResultData.swift */ = {isa = PBXFileReference; lastKnownFileType = sourcecode.swift; path = MovieResultData.swift; sourceTree = "<group>"; };
		5994307729C5BBCA00B266B8 /* Poppins-Regular.ttf */ = {isa = PBXFileReference; lastKnownFileType = file; path = "Poppins-Regular.ttf"; sourceTree = "<group>"; };
		5994307829C5BBCA00B266B8 /* Poppins-SemiBold.ttf */ = {isa = PBXFileReference; lastKnownFileType = file; path = "Poppins-SemiBold.ttf"; sourceTree = "<group>"; };
		5994307B29C5BBE000B266B8 /* Font.swift */ = {isa = PBXFileReference; lastKnownFileType = sourcecode.swift; path = Font.swift; sourceTree = "<group>"; };
		5994307E29C5BE8400B266B8 /* UIColor.swift */ = {isa = PBXFileReference; lastKnownFileType = sourcecode.swift; path = UIColor.swift; sourceTree = "<group>"; };
		5994308029C6128400B266B8 /* MovieListCellViewModel.swift */ = {isa = PBXFileReference; lastKnownFileType = sourcecode.swift; path = MovieListCellViewModel.swift; sourceTree = "<group>"; };
		5994308829C6148900B266B8 /* MovieDetailViewModel.swift */ = {isa = PBXFileReference; lastKnownFileType = sourcecode.swift; path = MovieDetailViewModel.swift; sourceTree = "<group>"; };
		5994308A29C614A600B266B8 /* MovieDetailView.swift */ = {isa = PBXFileReference; lastKnownFileType = sourcecode.swift; path = MovieDetailView.swift; sourceTree = "<group>"; };
		5994308C29C61EE200B266B8 /* MovieDetailBottomView.swift */ = {isa = PBXFileReference; lastKnownFileType = sourcecode.swift; path = MovieDetailBottomView.swift; sourceTree = "<group>"; };
		5994308E29C7156500B266B8 /* SimilarMovieCellView.swift */ = {isa = PBXFileReference; lastKnownFileType = sourcecode.swift; path = SimilarMovieCellView.swift; sourceTree = "<group>"; };
		5994309029C715BC00B266B8 /* SimilarMovieCellViewModel.swift */ = {isa = PBXFileReference; lastKnownFileType = sourcecode.swift; path = SimilarMovieCellViewModel.swift; sourceTree = "<group>"; };
		5994309229C97BFA00B266B8 /* LoginResult.swift */ = {isa = PBXFileReference; lastKnownFileType = sourcecode.swift; path = LoginResult.swift; sourceTree = "<group>"; };
		5994309429C97C2E00B266B8 /* UserSession.swift */ = {isa = PBXFileReference; lastKnownFileType = sourcecode.swift; path = UserSession.swift; sourceTree = "<group>"; };
		5994309629C986F900B266B8 /* LoginError.swift */ = {isa = PBXFileReference; lastKnownFileType = sourcecode.swift; path = LoginError.swift; sourceTree = "<group>"; };
		5994309929C9AEF000B266B8 /* CustomLoadingIndicator.swift */ = {isa = PBXFileReference; lastKnownFileType = sourcecode.swift; path = CustomLoadingIndicator.swift; sourceTree = "<group>"; };
		5994309C29C9CE9700B266B8 /* LoginDataService.swift */ = {isa = PBXFileReference; lastKnownFileType = sourcecode.swift; path = LoginDataService.swift; sourceTree = "<group>"; };
		599D2D1729B0B846005536A0 /* LoginViewModel.swift */ = {isa = PBXFileReference; lastKnownFileType = sourcecode.swift; path = LoginViewModel.swift; sourceTree = "<group>"; };
		599D2D1B29B0B874005536A0 /* LoginView.swift */ = {isa = PBXFileReference; lastKnownFileType = sourcecode.swift; path = LoginView.swift; sourceTree = "<group>"; };
		59DADDD629DC459500212DAA /* Shimmer.swift */ = {isa = PBXFileReference; fileEncoding = 4; lastKnownFileType = sourcecode.swift; path = Shimmer.swift; sourceTree = "<group>"; };
/* End PBXFileReference section */

/* Begin PBXFrameworksBuildPhase section */
		593D6E2428D4D61F00C3A46B /* Frameworks */ = {
			isa = PBXFrameworksBuildPhase;
			buildActionMask = 2147483647;
			files = (
			);
			runOnlyForDeploymentPostprocessing = 0;
		};
		593D6E3428D4D62000C3A46B /* Frameworks */ = {
			isa = PBXFrameworksBuildPhase;
			buildActionMask = 2147483647;
			files = (
			);
			runOnlyForDeploymentPostprocessing = 0;
		};
		593D6E3E28D4D62000C3A46B /* Frameworks */ = {
			isa = PBXFrameworksBuildPhase;
			buildActionMask = 2147483647;
			files = (
			);
			runOnlyForDeploymentPostprocessing = 0;
		};
/* End PBXFrameworksBuildPhase section */

/* Begin PBXGroup section */
		592DE62429D806A300D4B579 /* Model */ = {
			isa = PBXGroup;
			children = (
				592DE62029D6DF9E00D4B579 /* TabBarItemPreferenceKey.swift */,
				592DE62229D6E4ED00D4B579 /* TabBarItem.swift */,
			);
			path = Model;
			sourceTree = "<group>";
		};
		592DE62529D8073600D4B579 /* View */ = {
			isa = PBXGroup;
			children = (
				594C561829D592B5005FD017 /* TabBarView.swift */,
			);
			path = View;
			sourceTree = "<group>";
		};
		592DE62629D8073F00D4B579 /* AppTabBarUtils */ = {
			isa = PBXGroup;
			children = (
				592DE61C29D6BBF800D4B579 /* AppTabBarView.swift */,
				592DE61E29D6DC1800D4B579 /* AppTabBarContainerView.swift */,
			);
			path = AppTabBarUtils;
			sourceTree = "<group>";
		};
		592DE62729D8083200D4B579 /* FavouriteMovies */ = {
			isa = PBXGroup;
			children = (
				592DE64029D9629B00D4B579 /* Data Service */,
				592DE63D29D9624C00D4B579 /* Model */,
				592DE63C29D9624700D4B579 /* ViewModel */,
				592DE62829D80A2600D4B579 /* View */,
			);
			path = FavouriteMovies;
			sourceTree = "<group>";
		};
		592DE62829D80A2600D4B579 /* View */ = {
			isa = PBXGroup;
			children = (
				592DE62929D80A4200D4B579 /* MyFavouriteMoviesView.swift */,
				590D82A129DE8A4E00D44D66 /* FavouriteViewCell.swift */,
			);
			path = View;
			sourceTree = "<group>";
		};
		592DE62B29D80AE200D4B579 /* ViewModel */ = {
			isa = PBXGroup;
			children = (
				592DE62C29D80AF100D4B579 /* TabBarViewModel.swift */,
			);
			path = ViewModel;
			sourceTree = "<group>";
		};
		592DE62E29D80B1600D4B579 /* ViewModel */ = {
			isa = PBXGroup;
			children = (
				592DE63729D81F6500D4B579 /* UserProfileViewModel.swift */,
			);
			path = ViewModel;
			sourceTree = "<group>";
		};
		592DE62F29D80B4700D4B579 /* DataService */ = {
			isa = PBXGroup;
			children = (
				592DE63029D80B5300D4B579 /* UserProfileDataService.swift */,
			);
			path = DataService;
			sourceTree = "<group>";
		};
		592DE63429D80CA800D4B579 /* Model */ = {
			isa = PBXGroup;
			children = (
				592DE63529D80CB400D4B579 /* UserDetails.swift */,
			);
			path = Model;
			sourceTree = "<group>";
		};
		592DE63929D94C8A00D4B579 /* ErrorView */ = {
			isa = PBXGroup;
			children = (
				592DE63A29D94CA000D4B579 /* AppErrorView.swift */,
			);
			path = ErrorView;
			sourceTree = "<group>";
		};
		592DE63C29D9624700D4B579 /* ViewModel */ = {
			isa = PBXGroup;
			children = (
				592DE63E29D9627F00D4B579 /* MyFavouriteMovieViewModel.swift */,
			);
			path = ViewModel;
			sourceTree = "<group>";
		};
		592DE63D29D9624C00D4B579 /* Model */ = {
			isa = PBXGroup;
			children = (
			);
			path = Model;
			sourceTree = "<group>";
		};
		592DE64029D9629B00D4B579 /* Data Service */ = {
			isa = PBXGroup;
			children = (
				592DE64129D962AA00D4B579 /* MyFavouriteMoviesDataService.swift */,
			);
			path = "Data Service";
			sourceTree = "<group>";
		};
		592DE64329D96FDC00D4B579 /* ViewWillDisappear */ = {
			isa = PBXGroup;
			children = (
				592DE64429D96FE900D4B579 /* VIewWillDisappear.swift */,
			);
			path = ViewWillDisappear;
			sourceTree = "<group>";
		};
		593D6E1E28D4D61F00C3A46B = {
			isa = PBXGroup;
			children = (
				593D6E2928D4D61F00C3A46B /* MovieDB */,
				593D6E3A28D4D62000C3A46B /* MovieDBTests */,
				593D6E4428D4D62000C3A46B /* MovieDBUITests */,
				593D6E2828D4D61F00C3A46B /* Products */,
			);
			sourceTree = "<group>";
		};
		593D6E2828D4D61F00C3A46B /* Products */ = {
			isa = PBXGroup;
			children = (
				593D6E2728D4D61F00C3A46B /* MovieDB.app */,
				593D6E3728D4D62000C3A46B /* MovieDBTests.xctest */,
				593D6E4128D4D62000C3A46B /* MovieDBUITests.xctest */,
			);
			name = Products;
			sourceTree = "<group>";
		};
		593D6E2928D4D61F00C3A46B /* MovieDB */ = {
			isa = PBXGroup;
			children = (
				592DE64329D96FDC00D4B579 /* ViewWillDisappear */,
				594C560729D31540005FD017 /* Orientation */,
				5994309829C9AEE600B266B8 /* Loader */,
				5994307D29C5BE7B00B266B8 /* Color */,
				5994307629C5BBC200B266B8 /* Font */,
				595E0A8B29C1BDB400B92089 /* Info.plist */,
				595E0A6429C05EE000B92089 /* Networking */,
				59DA6FEE29AF934500367773 /* Features */,
				593D6E5428D70CE600C3A46B /* Keyboard */,
				593D6E2A28D4D61F00C3A46B /* MovieDBApp.swift */,
				593D6E2E28D4D62000C3A46B /* Assets.xcassets */,
				593D6E3028D4D62000C3A46B /* Preview Content */,
			);
			path = MovieDB;
			sourceTree = "<group>";
		};
		593D6E3028D4D62000C3A46B /* Preview Content */ = {
			isa = PBXGroup;
			children = (
				593D6E3128D4D62000C3A46B /* Preview Assets.xcassets */,
			);
			path = "Preview Content";
			sourceTree = "<group>";
		};
		593D6E3A28D4D62000C3A46B /* MovieDBTests */ = {
			isa = PBXGroup;
			children = (
				593D6E3B28D4D62000C3A46B /* MovieDBTests.swift */,
			);
			path = MovieDBTests;
			sourceTree = "<group>";
		};
		593D6E4428D4D62000C3A46B /* MovieDBUITests */ = {
			isa = PBXGroup;
			children = (
				593D6E4528D4D62000C3A46B /* MovieDBUITests.swift */,
				593D6E4728D4D62000C3A46B /* MovieDBUITestsLaunchTests.swift */,
			);
			path = MovieDBUITests;
			sourceTree = "<group>";
		};
		593D6E5428D70CE600C3A46B /* Keyboard */ = {
			isa = PBXGroup;
			children = (
				593D6E5528D70CF900C3A46B /* KeyboardAdaptive.swift */,
				593D6E5628D70CF900C3A46B /* KeyboardHeightPublisher.swift */,
				593D6E5728D70CF900C3A46B /* UIResponder+Current.swift */,
			);
			path = Keyboard;
			sourceTree = "<group>";
		};
		594C55FD29D2E59A005FD017 /* DataService */ = {
			isa = PBXGroup;
			children = (
				594C55FE29D2E5AA005FD017 /* MovieListDataService.swift */,
				594C560029D2E867005FD017 /* MovieListCellDataService.swift */,
			);
			path = DataService;
			sourceTree = "<group>";
		};
		594C560229D2EAC0005FD017 /* DataService */ = {
			isa = PBXGroup;
			children = (
				594C560329D2EAD3005FD017 /* MovieDetailDataService.swift */,
				594C561229D5555E005FD017 /* SimilarMovieCellDataService.swift */,
				594C561429D557E4005FD017 /* CastMovieCellDataService.swift */,
			);
			path = DataService;
			sourceTree = "<group>";
		};
		594C560729D31540005FD017 /* Orientation */ = {
			isa = PBXGroup;
			children = (
				594C560829D3154C005FD017 /* Orientation.swift */,
			);
			path = Orientation;
			sourceTree = "<group>";
		};
		594C561629D59021005FD017 /* TabBar */ = {
			isa = PBXGroup;
			children = (
				592DE62B29D80AE200D4B579 /* ViewModel */,
				592DE62629D8073F00D4B579 /* AppTabBarUtils */,
				592DE62529D8073600D4B579 /* View */,
				592DE62429D806A300D4B579 /* Model */,
			);
			path = TabBar;
			sourceTree = "<group>";
		};
		594C561A29D5B5DD005FD017 /* UserProfile */ = {
			isa = PBXGroup;
			children = (
				592DE63429D80CA800D4B579 /* Model */,
				592DE62F29D80B4700D4B579 /* DataService */,
				592DE62E29D80B1600D4B579 /* ViewModel */,
				594C561D29D5B601005FD017 /* View */,
			);
			path = UserProfile;
			sourceTree = "<group>";
		};
		594C561D29D5B601005FD017 /* View */ = {
			isa = PBXGroup;
			children = (
				594C561B29D5B5FB005FD017 /* ProfileView.swift */,
			);
			path = View;
			sourceTree = "<group>";
		};
		595E0A6429C05EE000B92089 /* Networking */ = {
			isa = PBXGroup;
			children = (
				5994306529C2F98D00B266B8 /* Response */,
				595E0A7C29C060F200B92089 /* Services */,
				595E0A7A29C060E000B92089 /* URLConfig.swift */,
				595E0A7129C060BD00B92089 /* Error */,
				595E0A6829C0608500B92089 /* Encoding */,
				595E0A6529C0605400B92089 /* Request */,
			);
			path = Networking;
			sourceTree = "<group>";
		};
		595E0A6529C0605400B92089 /* Request */ = {
			isa = PBXGroup;
			children = (
				595E0A6629C0606800B92089 /* APIRequestProtocol.swift */,
				595E0A8929C1A99200B92089 /* MovieDBOnboardingRequest.swift */,
				5994307029C46DEC00B266B8 /* MoviesAPIRequest.swift */,
				592DE63229D80C0500D4B579 /* UserProfile.swift */,
			);
			path = Request;
			sourceTree = "<group>";
		};
		595E0A6829C0608500B92089 /* Encoding */ = {
			isa = PBXGroup;
			children = (
				595E0A6C29C0609200B92089 /* JSONParameterEncoder.swift */,
				595E0A6A29C0609200B92089 /* ParameterEncoderProtocol.swift */,
				595E0A6B29C0609200B92089 /* URLParameterEncoder.swift */,
				595E0A6929C0609200B92089 /* XWWWFormUrlParameterEncoder.swift */,
			);
			path = Encoding;
			sourceTree = "<group>";
		};
		595E0A7129C060BD00B92089 /* Error */ = {
			isa = PBXGroup;
			children = (
				595E0A7329C060C800B92089 /* APIRequestError.swift */,
				595E0A7429C060C800B92089 /* APIResponseError.swift */,
				595E0A7529C060C800B92089 /* ErrorDataProtocol.swift */,
				595E0A7229C060C800B92089 /* ParameterEncodingError.swift */,
			);
			path = Error;
			sourceTree = "<group>";
		};
		595E0A7C29C060F200B92089 /* Services */ = {
			isa = PBXGroup;
			children = (
				595E0A8729C062DB00B92089 /* NetworkRouterProtocol.swift */,
				595E0A8529C062C500B92089 /* APIRouter.swift */,
				595E0A8329C061BB00B92089 /* RequestBuilder.swift */,
				595E0A7D29C0611900B92089 /* APINetworkLogger.swift */,
				595E0A7F29C0611900B92089 /* HTTPMethod.swift */,
				595E0A7E29C0611900B92089 /* HTTPTask.swift */,
			);
			path = Services;
			sourceTree = "<group>";
		};
		5994306529C2F98D00B266B8 /* Response */ = {
			isa = PBXGroup;
			children = (
				5994306A29C2FA4600B266B8 /* APIResponse.swift */,
				5994306B29C2FA4600B266B8 /* APIResponseProtocol.swift */,
				5994306C29C2FA4600B266B8 /* APISerializerProtocol.swift */,
				5994306629C2F99900B266B8 /* OnboardingResponse */,
			);
			path = Response;
			sourceTree = "<group>";
		};
		5994306629C2F99900B266B8 /* OnboardingResponse */ = {
			isa = PBXGroup;
			children = (
				5994306829C2F9EF00B266B8 /* CreateRequestTokenAPIResponse.swift */,
			);
			path = OnboardingResponse;
			sourceTree = "<group>";
		};
		5994307629C5BBC200B266B8 /* Font */ = {
			isa = PBXGroup;
			children = (
				5994307729C5BBCA00B266B8 /* Poppins-Regular.ttf */,
				5994307829C5BBCA00B266B8 /* Poppins-SemiBold.ttf */,
				5994307B29C5BBE000B266B8 /* Font.swift */,
			);
			path = Font;
			sourceTree = "<group>";
		};
		5994307D29C5BE7B00B266B8 /* Color */ = {
			isa = PBXGroup;
			children = (
				5994307E29C5BE8400B266B8 /* UIColor.swift */,
			);
			path = Color;
			sourceTree = "<group>";
		};
		5994308229C6142400B266B8 /* MovieDetail */ = {
			isa = PBXGroup;
			children = (
				594C560229D2EAC0005FD017 /* DataService */,
				5994308529C6144200B266B8 /* View */,
				5994308429C6143B00B266B8 /* ViewModel */,
				5994308329C6143500B266B8 /* Model */,
			);
			path = MovieDetail;
			sourceTree = "<group>";
		};
		5994308329C6143500B266B8 /* Model */ = {
			isa = PBXGroup;
			children = (
				594C560A29D43B6D005FD017 /* Cast.swift */,
				592DE64629DAD6C500D4B579 /* SimilarMovieSelectionPreferenceKey.swift */,
			);
			path = Model;
			sourceTree = "<group>";
		};
		5994308429C6143B00B266B8 /* ViewModel */ = {
			isa = PBXGroup;
			children = (
				5994308829C6148900B266B8 /* MovieDetailViewModel.swift */,
				5994309029C715BC00B266B8 /* SimilarMovieCellViewModel.swift */,
				594C561029D43D31005FD017 /* CastMovieCellViewModel.swift */,
			);
			path = ViewModel;
			sourceTree = "<group>";
		};
		5994308529C6144200B266B8 /* View */ = {
			isa = PBXGroup;
			children = (
				5994308A29C614A600B266B8 /* MovieDetailView.swift */,
				5994308C29C61EE200B266B8 /* MovieDetailBottomView.swift */,
				5994308E29C7156500B266B8 /* SimilarMovieCellView.swift */,
				594C560E29D43D1A005FD017 /* CastMovieCellView.swift */,
			);
			path = View;
			sourceTree = "<group>";
		};
		5994309829C9AEE600B266B8 /* Loader */ = {
			isa = PBXGroup;
			children = (
				59DADDD629DC459500212DAA /* Shimmer.swift */,
				5994309929C9AEF000B266B8 /* CustomLoadingIndicator.swift */,
			);
			path = Loader;
			sourceTree = "<group>";
		};
		5994309B29C9CE1C00B266B8 /* DataService */ = {
			isa = PBXGroup;
			children = (
				5994309C29C9CE9700B266B8 /* LoginDataService.swift */,
			);
			path = DataService;
			sourceTree = "<group>";
		};
		59CDC27229B8C700008CB4F9 /* MovieList */ = {
			isa = PBXGroup;
			children = (
				594C55FD29D2E59A005FD017 /* DataService */,
				59CDC27629B8C71F008CB4F9 /* Model */,
				59CDC27529B8C719008CB4F9 /* View */,
				59CDC27329B8C70C008CB4F9 /* ViewModel */,
			);
			path = MovieList;
			sourceTree = "<group>";
		};
		59CDC27329B8C70C008CB4F9 /* ViewModel */ = {
			isa = PBXGroup;
			children = (
				595E0A6229C04D4C00B92089 /* MovieListViewModel.swift */,
				5994308029C6128400B266B8 /* MovieListCellViewModel.swift */,
			);
			path = ViewModel;
			sourceTree = "<group>";
		};
		59CDC27529B8C719008CB4F9 /* View */ = {
			isa = PBXGroup;
			children = (
				595E0A6029C04CAF00B92089 /* MovieListView.swift */,
				5994307229C46EE900B266B8 /* MovieListCell.swift */,
			);
			path = View;
			sourceTree = "<group>";
		};
		59CDC27629B8C71F008CB4F9 /* Model */ = {
			isa = PBXGroup;
			children = (
				5994307429C58BD800B266B8 /* MovieResultData.swift */,
			);
			path = Model;
			sourceTree = "<group>";
		};
		59DA6FEE29AF934500367773 /* Features */ = {
			isa = PBXGroup;
			children = (
				592DE63929D94C8A00D4B579 /* ErrorView */,
				592DE62729D8083200D4B579 /* FavouriteMovies */,
				594C561A29D5B5DD005FD017 /* UserProfile */,
				594C561629D59021005FD017 /* TabBar */,
				5994308229C6142400B266B8 /* MovieDetail */,
				59CDC27229B8C700008CB4F9 /* MovieList */,
				59DA6FEF29AF936000367773 /* Login */,
			);
			path = Features;
			sourceTree = "<group>";
		};
		59DA6FEF29AF936000367773 /* Login */ = {
			isa = PBXGroup;
			children = (
				5994309B29C9CE1C00B266B8 /* DataService */,
				59DA6FF229AF937700367773 /* ViewModel */,
				59DA6FF129AF937200367773 /* Model */,
				59DA6FF029AF936500367773 /* View */,
			);
			path = Login;
			sourceTree = "<group>";
		};
		59DA6FF029AF936500367773 /* View */ = {
			isa = PBXGroup;
			children = (
				599D2D1B29B0B874005536A0 /* LoginView.swift */,
				594C560529D312D1005FD017 /* LoginFormView.swift */,
			);
			path = View;
			sourceTree = "<group>";
		};
		59DA6FF129AF937200367773 /* Model */ = {
			isa = PBXGroup;
			children = (
				595E0A8C29C1BE1800B92089 /* RequestToken.swift */,
				5994309229C97BFA00B266B8 /* LoginResult.swift */,
				5994309429C97C2E00B266B8 /* UserSession.swift */,
				5994309629C986F900B266B8 /* LoginError.swift */,
			);
			path = Model;
			sourceTree = "<group>";
		};
		59DA6FF229AF937700367773 /* ViewModel */ = {
			isa = PBXGroup;
			children = (
				599D2D1729B0B846005536A0 /* LoginViewModel.swift */,
			);
			path = ViewModel;
			sourceTree = "<group>";
		};
/* End PBXGroup section */

/* Begin PBXNativeTarget section */
		593D6E2628D4D61F00C3A46B /* MovieDB */ = {
			isa = PBXNativeTarget;
			buildConfigurationList = 593D6E4B28D4D62000C3A46B /* Build configuration list for PBXNativeTarget "MovieDB" */;
			buildPhases = (
				593D6E2328D4D61F00C3A46B /* Sources */,
				593D6E2428D4D61F00C3A46B /* Frameworks */,
				593D6E2528D4D61F00C3A46B /* Resources */,
			);
			buildRules = (
			);
			dependencies = (
			);
			name = MovieDB;
			productName = MovieDB;
			productReference = 593D6E2728D4D61F00C3A46B /* MovieDB.app */;
			productType = "com.apple.product-type.application";
		};
		593D6E3628D4D62000C3A46B /* MovieDBTests */ = {
			isa = PBXNativeTarget;
			buildConfigurationList = 593D6E4E28D4D62000C3A46B /* Build configuration list for PBXNativeTarget "MovieDBTests" */;
			buildPhases = (
				593D6E3328D4D62000C3A46B /* Sources */,
				593D6E3428D4D62000C3A46B /* Frameworks */,
				593D6E3528D4D62000C3A46B /* Resources */,
			);
			buildRules = (
			);
			dependencies = (
				593D6E3928D4D62000C3A46B /* PBXTargetDependency */,
			);
			name = MovieDBTests;
			productName = MovieDBTests;
			productReference = 593D6E3728D4D62000C3A46B /* MovieDBTests.xctest */;
			productType = "com.apple.product-type.bundle.unit-test";
		};
		593D6E4028D4D62000C3A46B /* MovieDBUITests */ = {
			isa = PBXNativeTarget;
			buildConfigurationList = 593D6E5128D4D62000C3A46B /* Build configuration list for PBXNativeTarget "MovieDBUITests" */;
			buildPhases = (
				593D6E3D28D4D62000C3A46B /* Sources */,
				593D6E3E28D4D62000C3A46B /* Frameworks */,
				593D6E3F28D4D62000C3A46B /* Resources */,
			);
			buildRules = (
			);
			dependencies = (
				593D6E4328D4D62000C3A46B /* PBXTargetDependency */,
			);
			name = MovieDBUITests;
			productName = MovieDBUITests;
			productReference = 593D6E4128D4D62000C3A46B /* MovieDBUITests.xctest */;
			productType = "com.apple.product-type.bundle.ui-testing";
		};
/* End PBXNativeTarget section */

/* Begin PBXProject section */
		593D6E1F28D4D61F00C3A46B /* Project object */ = {
			isa = PBXProject;
			attributes = {
				BuildIndependentTargetsInParallel = 1;
				LastSwiftUpdateCheck = 1320;
				LastUpgradeCheck = 1320;
				TargetAttributes = {
					593D6E2628D4D61F00C3A46B = {
						CreatedOnToolsVersion = 13.2.1;
					};
					593D6E3628D4D62000C3A46B = {
						CreatedOnToolsVersion = 13.2.1;
						TestTargetID = 593D6E2628D4D61F00C3A46B;
					};
					593D6E4028D4D62000C3A46B = {
						CreatedOnToolsVersion = 13.2.1;
						TestTargetID = 593D6E2628D4D61F00C3A46B;
					};
				};
			};
			buildConfigurationList = 593D6E2228D4D61F00C3A46B /* Build configuration list for PBXProject "MovieDB" */;
			compatibilityVersion = "Xcode 13.0";
			developmentRegion = en;
			hasScannedForEncodings = 0;
			knownRegions = (
				en,
				Base,
			);
			mainGroup = 593D6E1E28D4D61F00C3A46B;
			productRefGroup = 593D6E2828D4D61F00C3A46B /* Products */;
			projectDirPath = "";
			projectRoot = "";
			targets = (
				593D6E2628D4D61F00C3A46B /* MovieDB */,
				593D6E3628D4D62000C3A46B /* MovieDBTests */,
				593D6E4028D4D62000C3A46B /* MovieDBUITests */,
			);
		};
/* End PBXProject section */

/* Begin PBXResourcesBuildPhase section */
		593D6E2528D4D61F00C3A46B /* Resources */ = {
			isa = PBXResourcesBuildPhase;
			buildActionMask = 2147483647;
			files = (
				5994307929C5BBCA00B266B8 /* Poppins-Regular.ttf in Resources */,
				5994307A29C5BBCA00B266B8 /* Poppins-SemiBold.ttf in Resources */,
				593D6E3228D4D62000C3A46B /* Preview Assets.xcassets in Resources */,
				593D6E2F28D4D62000C3A46B /* Assets.xcassets in Resources */,
			);
			runOnlyForDeploymentPostprocessing = 0;
		};
		593D6E3528D4D62000C3A46B /* Resources */ = {
			isa = PBXResourcesBuildPhase;
			buildActionMask = 2147483647;
			files = (
			);
			runOnlyForDeploymentPostprocessing = 0;
		};
		593D6E3F28D4D62000C3A46B /* Resources */ = {
			isa = PBXResourcesBuildPhase;
			buildActionMask = 2147483647;
			files = (
			);
			runOnlyForDeploymentPostprocessing = 0;
		};
/* End PBXResourcesBuildPhase section */

/* Begin PBXSourcesBuildPhase section */
		593D6E2328D4D61F00C3A46B /* Sources */ = {
			isa = PBXSourcesBuildPhase;
			buildActionMask = 2147483647;
			files = (
				593D6E5928D70CF900C3A46B /* KeyboardHeightPublisher.swift in Sources */,
				595E0A8A29C1A99200B92089 /* MovieDBOnboardingRequest.swift in Sources */,
				5994309A29C9AEF000B266B8 /* CustomLoadingIndicator.swift in Sources */,
				595E0A7B29C060E000B92089 /* URLConfig.swift in Sources */,
				594C560B29D43B6D005FD017 /* Cast.swift in Sources */,
				5994307529C58BD800B266B8 /* MovieResultData.swift in Sources */,
				595E0A8229C0611900B92089 /* HTTPMethod.swift in Sources */,
				5994306F29C2FA4600B266B8 /* APISerializerProtocol.swift in Sources */,
				595E0A8829C062DB00B92089 /* NetworkRouterProtocol.swift in Sources */,
				595E0A6129C04CAF00B92089 /* MovieListView.swift in Sources */,
				595E0A7729C060C800B92089 /* APIRequestError.swift in Sources */,
				5994306929C2F9EF00B266B8 /* CreateRequestTokenAPIResponse.swift in Sources */,
				599D2D1C29B0B874005536A0 /* LoginView.swift in Sources */,
				5994307329C46EE900B266B8 /* MovieListCell.swift in Sources */,
				594C561329D5555E005FD017 /* SimilarMovieCellDataService.swift in Sources */,
				594C560929D3154C005FD017 /* Orientation.swift in Sources */,
				5994308D29C61EE200B266B8 /* MovieDetailBottomView.swift in Sources */,
				5994307C29C5BBE000B266B8 /* Font.swift in Sources */,
				595E0A7829C060C800B92089 /* APIResponseError.swift in Sources */,
				594C560129D2E867005FD017 /* MovieListCellDataService.swift in Sources */,
				5994309529C97C2E00B266B8 /* UserSession.swift in Sources */,
				595E0A8429C061BB00B92089 /* RequestBuilder.swift in Sources */,
				595E0A8029C0611900B92089 /* APINetworkLogger.swift in Sources */,
				5994308B29C614A600B266B8 /* MovieDetailView.swift in Sources */,
				595E0A6329C04D4C00B92089 /* MovieListViewModel.swift in Sources */,
				594C561929D592B5005FD017 /* TabBarView.swift in Sources */,
				594C560629D312D1005FD017 /* LoginFormView.swift in Sources */,
				592DE64729DAD6C500D4B579 /* SimilarMovieSelectionPreferenceKey.swift in Sources */,
				595E0A7029C0609200B92089 /* JSONParameterEncoder.swift in Sources */,
				592DE62129D6DF9E00D4B579 /* TabBarItemPreferenceKey.swift in Sources */,
				595E0A7629C060C800B92089 /* ParameterEncodingError.swift in Sources */,
				592DE64529D96FE900D4B579 /* VIewWillDisappear.swift in Sources */,
				595E0A6729C0606800B92089 /* APIRequestProtocol.swift in Sources */,
				5994308929C6148900B266B8 /* MovieDetailViewModel.swift in Sources */,
				592DE62329D6E4ED00D4B579 /* TabBarItem.swift in Sources */,
				5994309129C715BC00B266B8 /* SimilarMovieCellViewModel.swift in Sources */,
				594C561529D557E4005FD017 /* CastMovieCellDataService.swift in Sources */,
				592DE63129D80B5300D4B579 /* UserProfileDataService.swift in Sources */,
				590D82A229DE8A4E00D44D66 /* FavouriteViewCell.swift in Sources */,
				595E0A8D29C1BE1800B92089 /* RequestToken.swift in Sources */,
				592DE62A29D80A4200D4B579 /* MyFavouriteMoviesView.swift in Sources */,
				592DE63329D80C0500D4B579 /* UserProfile.swift in Sources */,
				5994309D29C9CE9700B266B8 /* LoginDataService.swift in Sources */,
				5994306E29C2FA4600B266B8 /* APIResponseProtocol.swift in Sources */,
				592DE64229D962AA00D4B579 /* MyFavouriteMoviesDataService.swift in Sources */,
				594C560F29D43D1A005FD017 /* CastMovieCellView.swift in Sources */,
				592DE62D29D80AF100D4B579 /* TabBarViewModel.swift in Sources */,
				599D2D1829B0B846005536A0 /* LoginViewModel.swift in Sources */,
				595E0A6E29C0609200B92089 /* ParameterEncoderProtocol.swift in Sources */,
				593D6E2B28D4D61F00C3A46B /* MovieDBApp.swift in Sources */,
				594C561C29D5B5FB005FD017 /* ProfileView.swift in Sources */,
				595E0A6F29C0609200B92089 /* URLParameterEncoder.swift in Sources */,
				594C561129D43D31005FD017 /* CastMovieCellViewModel.swift in Sources */,
				592DE63829D81F6500D4B579 /* UserProfileViewModel.swift in Sources */,
				5994307129C46DEC00B266B8 /* MoviesAPIRequest.swift in Sources */,
				5994308129C6128400B266B8 /* MovieListCellViewModel.swift in Sources */,
				5994306D29C2FA4600B266B8 /* APIResponse.swift in Sources */,
				592DE63B29D94CA000D4B579 /* AppErrorView.swift in Sources */,
				594C560429D2EAD3005FD017 /* MovieDetailDataService.swift in Sources */,
				5994309729C986F900B266B8 /* LoginError.swift in Sources */,
				595E0A6D29C0609200B92089 /* XWWWFormUrlParameterEncoder.swift in Sources */,
				594C55FF29D2E5AA005FD017 /* MovieListDataService.swift in Sources */,
				592DE63629D80CB400D4B579 /* UserDetails.swift in Sources */,
				5994308F29C7156500B266B8 /* SimilarMovieCellView.swift in Sources */,
				5994307F29C5BE8400B266B8 /* UIColor.swift in Sources */,
				5994309329C97BFB00B266B8 /* LoginResult.swift in Sources */,
				592DE63F29D9627F00D4B579 /* MyFavouriteMovieViewModel.swift in Sources */,
				592DE61D29D6BBF800D4B579 /* AppTabBarView.swift in Sources */,
				592DE61F29D6DC1900D4B579 /* AppTabBarContainerView.swift in Sources */,
				595E0A8129C0611900B92089 /* HTTPTask.swift in Sources */,
				593D6E5A28D70CF900C3A46B /* UIResponder+Current.swift in Sources */,
				595E0A7929C060C800B92089 /* ErrorDataProtocol.swift in Sources */,
				59DADDD729DC459500212DAA /* Shimmer.swift in Sources */,
				595E0A8629C062C500B92089 /* APIRouter.swift in Sources */,
				593D6E5828D70CF900C3A46B /* KeyboardAdaptive.swift in Sources */,
			);
			runOnlyForDeploymentPostprocessing = 0;
		};
		593D6E3328D4D62000C3A46B /* Sources */ = {
			isa = PBXSourcesBuildPhase;
			buildActionMask = 2147483647;
			files = (
				593D6E3C28D4D62000C3A46B /* MovieDBTests.swift in Sources */,
			);
			runOnlyForDeploymentPostprocessing = 0;
		};
		593D6E3D28D4D62000C3A46B /* Sources */ = {
			isa = PBXSourcesBuildPhase;
			buildActionMask = 2147483647;
			files = (
				593D6E4628D4D62000C3A46B /* MovieDBUITests.swift in Sources */,
				593D6E4828D4D62000C3A46B /* MovieDBUITestsLaunchTests.swift in Sources */,
			);
			runOnlyForDeploymentPostprocessing = 0;
		};
/* End PBXSourcesBuildPhase section */

/* Begin PBXTargetDependency section */
		593D6E3928D4D62000C3A46B /* PBXTargetDependency */ = {
			isa = PBXTargetDependency;
			target = 593D6E2628D4D61F00C3A46B /* MovieDB */;
			targetProxy = 593D6E3828D4D62000C3A46B /* PBXContainerItemProxy */;
		};
		593D6E4328D4D62000C3A46B /* PBXTargetDependency */ = {
			isa = PBXTargetDependency;
			target = 593D6E2628D4D61F00C3A46B /* MovieDB */;
			targetProxy = 593D6E4228D4D62000C3A46B /* PBXContainerItemProxy */;
		};
/* End PBXTargetDependency section */

/* Begin XCBuildConfiguration section */
		593D6E4928D4D62000C3A46B /* Debug */ = {
			isa = XCBuildConfiguration;
			buildSettings = {
				ALWAYS_SEARCH_USER_PATHS = NO;
				CLANG_ANALYZER_NONNULL = YES;
				CLANG_ANALYZER_NUMBER_OBJECT_CONVERSION = YES_AGGRESSIVE;
				CLANG_CXX_LANGUAGE_STANDARD = "gnu++17";
				CLANG_CXX_LIBRARY = "libc++";
				CLANG_ENABLE_MODULES = YES;
				CLANG_ENABLE_OBJC_ARC = YES;
				CLANG_ENABLE_OBJC_WEAK = YES;
				CLANG_WARN_BLOCK_CAPTURE_AUTORELEASING = YES;
				CLANG_WARN_BOOL_CONVERSION = YES;
				CLANG_WARN_COMMA = YES;
				CLANG_WARN_CONSTANT_CONVERSION = YES;
				CLANG_WARN_DEPRECATED_OBJC_IMPLEMENTATIONS = YES;
				CLANG_WARN_DIRECT_OBJC_ISA_USAGE = YES_ERROR;
				CLANG_WARN_DOCUMENTATION_COMMENTS = YES;
				CLANG_WARN_EMPTY_BODY = YES;
				CLANG_WARN_ENUM_CONVERSION = YES;
				CLANG_WARN_INFINITE_RECURSION = YES;
				CLANG_WARN_INT_CONVERSION = YES;
				CLANG_WARN_NON_LITERAL_NULL_CONVERSION = YES;
				CLANG_WARN_OBJC_IMPLICIT_RETAIN_SELF = YES;
				CLANG_WARN_OBJC_LITERAL_CONVERSION = YES;
				CLANG_WARN_OBJC_ROOT_CLASS = YES_ERROR;
				CLANG_WARN_QUOTED_INCLUDE_IN_FRAMEWORK_HEADER = YES;
				CLANG_WARN_RANGE_LOOP_ANALYSIS = YES;
				CLANG_WARN_STRICT_PROTOTYPES = YES;
				CLANG_WARN_SUSPICIOUS_MOVE = YES;
				CLANG_WARN_UNGUARDED_AVAILABILITY = YES_AGGRESSIVE;
				CLANG_WARN_UNREACHABLE_CODE = YES;
				CLANG_WARN__DUPLICATE_METHOD_MATCH = YES;
				COPY_PHASE_STRIP = NO;
				DEBUG_INFORMATION_FORMAT = dwarf;
				ENABLE_STRICT_OBJC_MSGSEND = YES;
				ENABLE_TESTABILITY = YES;
				GCC_C_LANGUAGE_STANDARD = gnu11;
				GCC_DYNAMIC_NO_PIC = NO;
				GCC_NO_COMMON_BLOCKS = YES;
				GCC_OPTIMIZATION_LEVEL = 0;
				GCC_PREPROCESSOR_DEFINITIONS = (
					"DEBUG=1",
					"$(inherited)",
				);
				GCC_WARN_64_TO_32_BIT_CONVERSION = YES;
				GCC_WARN_ABOUT_RETURN_TYPE = YES_ERROR;
				GCC_WARN_UNDECLARED_SELECTOR = YES;
				GCC_WARN_UNINITIALIZED_AUTOS = YES_AGGRESSIVE;
				GCC_WARN_UNUSED_FUNCTION = YES;
				GCC_WARN_UNUSED_VARIABLE = YES;
				IPHONEOS_DEPLOYMENT_TARGET = 15.2;
				MTL_ENABLE_DEBUG_INFO = INCLUDE_SOURCE;
				MTL_FAST_MATH = YES;
				ONLY_ACTIVE_ARCH = YES;
				SDKROOT = iphoneos;
				SWIFT_ACTIVE_COMPILATION_CONDITIONS = DEBUG;
				SWIFT_OPTIMIZATION_LEVEL = "-Onone";
			};
			name = Debug;
		};
		593D6E4A28D4D62000C3A46B /* Release */ = {
			isa = XCBuildConfiguration;
			buildSettings = {
				ALWAYS_SEARCH_USER_PATHS = NO;
				CLANG_ANALYZER_NONNULL = YES;
				CLANG_ANALYZER_NUMBER_OBJECT_CONVERSION = YES_AGGRESSIVE;
				CLANG_CXX_LANGUAGE_STANDARD = "gnu++17";
				CLANG_CXX_LIBRARY = "libc++";
				CLANG_ENABLE_MODULES = YES;
				CLANG_ENABLE_OBJC_ARC = YES;
				CLANG_ENABLE_OBJC_WEAK = YES;
				CLANG_WARN_BLOCK_CAPTURE_AUTORELEASING = YES;
				CLANG_WARN_BOOL_CONVERSION = YES;
				CLANG_WARN_COMMA = YES;
				CLANG_WARN_CONSTANT_CONVERSION = YES;
				CLANG_WARN_DEPRECATED_OBJC_IMPLEMENTATIONS = YES;
				CLANG_WARN_DIRECT_OBJC_ISA_USAGE = YES_ERROR;
				CLANG_WARN_DOCUMENTATION_COMMENTS = YES;
				CLANG_WARN_EMPTY_BODY = YES;
				CLANG_WARN_ENUM_CONVERSION = YES;
				CLANG_WARN_INFINITE_RECURSION = YES;
				CLANG_WARN_INT_CONVERSION = YES;
				CLANG_WARN_NON_LITERAL_NULL_CONVERSION = YES;
				CLANG_WARN_OBJC_IMPLICIT_RETAIN_SELF = YES;
				CLANG_WARN_OBJC_LITERAL_CONVERSION = YES;
				CLANG_WARN_OBJC_ROOT_CLASS = YES_ERROR;
				CLANG_WARN_QUOTED_INCLUDE_IN_FRAMEWORK_HEADER = YES;
				CLANG_WARN_RANGE_LOOP_ANALYSIS = YES;
				CLANG_WARN_STRICT_PROTOTYPES = YES;
				CLANG_WARN_SUSPICIOUS_MOVE = YES;
				CLANG_WARN_UNGUARDED_AVAILABILITY = YES_AGGRESSIVE;
				CLANG_WARN_UNREACHABLE_CODE = YES;
				CLANG_WARN__DUPLICATE_METHOD_MATCH = YES;
				COPY_PHASE_STRIP = NO;
				DEBUG_INFORMATION_FORMAT = "dwarf-with-dsym";
				ENABLE_NS_ASSERTIONS = NO;
				ENABLE_STRICT_OBJC_MSGSEND = YES;
				GCC_C_LANGUAGE_STANDARD = gnu11;
				GCC_NO_COMMON_BLOCKS = YES;
				GCC_WARN_64_TO_32_BIT_CONVERSION = YES;
				GCC_WARN_ABOUT_RETURN_TYPE = YES_ERROR;
				GCC_WARN_UNDECLARED_SELECTOR = YES;
				GCC_WARN_UNINITIALIZED_AUTOS = YES_AGGRESSIVE;
				GCC_WARN_UNUSED_FUNCTION = YES;
				GCC_WARN_UNUSED_VARIABLE = YES;
				IPHONEOS_DEPLOYMENT_TARGET = 15.2;
				MTL_ENABLE_DEBUG_INFO = NO;
				MTL_FAST_MATH = YES;
				SDKROOT = iphoneos;
				SWIFT_COMPILATION_MODE = wholemodule;
				SWIFT_OPTIMIZATION_LEVEL = "-O";
				VALIDATE_PRODUCT = YES;
			};
			name = Release;
		};
		593D6E4C28D4D62000C3A46B /* Debug */ = {
			isa = XCBuildConfiguration;
			buildSettings = {
				ASSETCATALOG_COMPILER_APPICON_NAME = AppIcon;
				ASSETCATALOG_COMPILER_GLOBAL_ACCENT_COLOR_NAME = AccentColor;
				CODE_SIGN_STYLE = Automatic;
				CURRENT_PROJECT_VERSION = 1;
				DEVELOPMENT_ASSET_PATHS = "\"MovieDB/Preview Content\"";
				DEVELOPMENT_TEAM = 8XZFU4U9N4;
				ENABLE_PREVIEWS = YES;
				GENERATE_INFOPLIST_FILE = YES;
				INFOPLIST_FILE = MovieDB/Info.plist;
				INFOPLIST_KEY_UIApplicationSceneManifest_Generation = YES;
				INFOPLIST_KEY_UIApplicationSupportsIndirectInputEvents = YES;
				INFOPLIST_KEY_UILaunchScreen_Generation = YES;
				INFOPLIST_KEY_UISupportedInterfaceOrientations_iPad = "UIInterfaceOrientationPortrait UIInterfaceOrientationPortraitUpsideDown UIInterfaceOrientationLandscapeLeft UIInterfaceOrientationLandscapeRight";
				INFOPLIST_KEY_UISupportedInterfaceOrientations_iPhone = "UIInterfaceOrientationPortrait UIInterfaceOrientationLandscapeLeft UIInterfaceOrientationLandscapeRight";
				IPHONEOS_DEPLOYMENT_TARGET = 15.0;
				LD_RUNPATH_SEARCH_PATHS = (
					"$(inherited)",
					"@executable_path/Frameworks",
				);
				MARKETING_VERSION = 1.0;
				PRODUCT_BUNDLE_IDENTIFIER = com.paymentus.ipnPayBills;
				PRODUCT_NAME = "$(TARGET_NAME)";
				SWIFT_EMIT_LOC_STRINGS = YES;
				SWIFT_VERSION = 5.0;
				TARGETED_DEVICE_FAMILY = "1,2";
			};
			name = Debug;
		};
		593D6E4D28D4D62000C3A46B /* Release */ = {
			isa = XCBuildConfiguration;
			buildSettings = {
				ASSETCATALOG_COMPILER_APPICON_NAME = AppIcon;
				ASSETCATALOG_COMPILER_GLOBAL_ACCENT_COLOR_NAME = AccentColor;
				CODE_SIGN_STYLE = Automatic;
				CURRENT_PROJECT_VERSION = 1;
				DEVELOPMENT_ASSET_PATHS = "\"MovieDB/Preview Content\"";
				DEVELOPMENT_TEAM = 8XZFU4U9N4;
				ENABLE_PREVIEWS = YES;
				GENERATE_INFOPLIST_FILE = YES;
				INFOPLIST_FILE = MovieDB/Info.plist;
				INFOPLIST_KEY_UIApplicationSceneManifest_Generation = YES;
				INFOPLIST_KEY_UIApplicationSupportsIndirectInputEvents = YES;
				INFOPLIST_KEY_UILaunchScreen_Generation = YES;
				INFOPLIST_KEY_UISupportedInterfaceOrientations_iPad = "UIInterfaceOrientationPortrait UIInterfaceOrientationPortraitUpsideDown UIInterfaceOrientationLandscapeLeft UIInterfaceOrientationLandscapeRight";
				INFOPLIST_KEY_UISupportedInterfaceOrientations_iPhone = "UIInterfaceOrientationPortrait UIInterfaceOrientationLandscapeLeft UIInterfaceOrientationLandscapeRight";
				IPHONEOS_DEPLOYMENT_TARGET = 15.0;
				LD_RUNPATH_SEARCH_PATHS = (
					"$(inherited)",
					"@executable_path/Frameworks",
				);
				MARKETING_VERSION = 1.0;
				PRODUCT_BUNDLE_IDENTIFIER = com.paymentus.ipnPayBills;
				PRODUCT_NAME = "$(TARGET_NAME)";
				SWIFT_EMIT_LOC_STRINGS = YES;
				SWIFT_VERSION = 5.0;
				TARGETED_DEVICE_FAMILY = "1,2";
			};
			name = Release;
		};
		593D6E4F28D4D62000C3A46B /* Debug */ = {
			isa = XCBuildConfiguration;
			buildSettings = {
				ALWAYS_EMBED_SWIFT_STANDARD_LIBRARIES = YES;
				BUNDLE_LOADER = "$(TEST_HOST)";
				CODE_SIGN_STYLE = Automatic;
				CURRENT_PROJECT_VERSION = 1;
				DEVELOPMENT_TEAM = LGZHG59HW6;
				GENERATE_INFOPLIST_FILE = YES;
				IPHONEOS_DEPLOYMENT_TARGET = 15.2;
				MARKETING_VERSION = 1.0;
				PRODUCT_BUNDLE_IDENTIFIER = com.paymentus.com.MovieDBTests;
				PRODUCT_NAME = "$(TARGET_NAME)";
				SWIFT_EMIT_LOC_STRINGS = NO;
				SWIFT_VERSION = 5.0;
				TARGETED_DEVICE_FAMILY = "1,2";
				TEST_HOST = "$(BUILT_PRODUCTS_DIR)/MovieDB.app/MovieDB";
			};
			name = Debug;
		};
		593D6E5028D4D62000C3A46B /* Release */ = {
			isa = XCBuildConfiguration;
			buildSettings = {
				ALWAYS_EMBED_SWIFT_STANDARD_LIBRARIES = YES;
				BUNDLE_LOADER = "$(TEST_HOST)";
				CODE_SIGN_STYLE = Automatic;
				CURRENT_PROJECT_VERSION = 1;
				DEVELOPMENT_TEAM = LGZHG59HW6;
				GENERATE_INFOPLIST_FILE = YES;
				IPHONEOS_DEPLOYMENT_TARGET = 15.2;
				MARKETING_VERSION = 1.0;
				PRODUCT_BUNDLE_IDENTIFIER = com.paymentus.com.MovieDBTests;
				PRODUCT_NAME = "$(TARGET_NAME)";
				SWIFT_EMIT_LOC_STRINGS = NO;
				SWIFT_VERSION = 5.0;
				TARGETED_DEVICE_FAMILY = "1,2";
				TEST_HOST = "$(BUILT_PRODUCTS_DIR)/MovieDB.app/MovieDB";
			};
			name = Release;
		};
		593D6E5228D4D62000C3A46B /* Debug */ = {
			isa = XCBuildConfiguration;
			buildSettings = {
				ALWAYS_EMBED_SWIFT_STANDARD_LIBRARIES = YES;
				CODE_SIGN_STYLE = Automatic;
				CURRENT_PROJECT_VERSION = 1;
				DEVELOPMENT_TEAM = LGZHG59HW6;
				GENERATE_INFOPLIST_FILE = YES;
				MARKETING_VERSION = 1.0;
				PRODUCT_BUNDLE_IDENTIFIER = com.paymentus.com.MovieDBUITests;
				PRODUCT_NAME = "$(TARGET_NAME)";
				SWIFT_EMIT_LOC_STRINGS = NO;
				SWIFT_VERSION = 5.0;
				TARGETED_DEVICE_FAMILY = "1,2";
				TEST_TARGET_NAME = MovieDB;
			};
			name = Debug;
		};
		593D6E5328D4D62000C3A46B /* Release */ = {
			isa = XCBuildConfiguration;
			buildSettings = {
				ALWAYS_EMBED_SWIFT_STANDARD_LIBRARIES = YES;
				CODE_SIGN_STYLE = Automatic;
				CURRENT_PROJECT_VERSION = 1;
				DEVELOPMENT_TEAM = LGZHG59HW6;
				GENERATE_INFOPLIST_FILE = YES;
				MARKETING_VERSION = 1.0;
				PRODUCT_BUNDLE_IDENTIFIER = com.paymentus.com.MovieDBUITests;
				PRODUCT_NAME = "$(TARGET_NAME)";
				SWIFT_EMIT_LOC_STRINGS = NO;
				SWIFT_VERSION = 5.0;
				TARGETED_DEVICE_FAMILY = "1,2";
				TEST_TARGET_NAME = MovieDB;
			};
			name = Release;
		};
/* End XCBuildConfiguration section */

/* Begin XCConfigurationList section */
		593D6E2228D4D61F00C3A46B /* Build configuration list for PBXProject "MovieDB" */ = {
			isa = XCConfigurationList;
			buildConfigurations = (
				593D6E4928D4D62000C3A46B /* Debug */,
				593D6E4A28D4D62000C3A46B /* Release */,
			);
			defaultConfigurationIsVisible = 0;
			defaultConfigurationName = Release;
		};
		593D6E4B28D4D62000C3A46B /* Build configuration list for PBXNativeTarget "MovieDB" */ = {
			isa = XCConfigurationList;
			buildConfigurations = (
				593D6E4C28D4D62000C3A46B /* Debug */,
				593D6E4D28D4D62000C3A46B /* Release */,
			);
			defaultConfigurationIsVisible = 0;
			defaultConfigurationName = Release;
		};
		593D6E4E28D4D62000C3A46B /* Build configuration list for PBXNativeTarget "MovieDBTests" */ = {
			isa = XCConfigurationList;
			buildConfigurations = (
				593D6E4F28D4D62000C3A46B /* Debug */,
				593D6E5028D4D62000C3A46B /* Release */,
			);
			defaultConfigurationIsVisible = 0;
			defaultConfigurationName = Release;
		};
		593D6E5128D4D62000C3A46B /* Build configuration list for PBXNativeTarget "MovieDBUITests" */ = {
			isa = XCConfigurationList;
			buildConfigurations = (
				593D6E5228D4D62000C3A46B /* Debug */,
				593D6E5328D4D62000C3A46B /* Release */,
			);
			defaultConfigurationIsVisible = 0;
			defaultConfigurationName = Release;
		};
/* End XCConfigurationList section */
	};
	rootObject = 593D6E1F28D4D61F00C3A46B /* Project object */;
}
